
Microsoft Visual Studio Solution File, Format Version 12.00
# Visual Studio Version 17
VisualStudioVersion = 17.7.34031.279
MinimumVisualStudioVersion = 10.0.40219.1
Project("{FAE04EC0-301F-11D3-BF4B-00C04F79EFBC}") = "ConstrainedSubsequenceSum", "ConstrainedSubsequenceSum.csproj", "{069A491C-7872-4E14-9B22-80AD6F5EFB1A}"
EndProject
Global
	GlobalSection(SolutionConfigurationPlatforms) = preSolution
		Debug|Any CPU = Debug|Any CPU
		Release|Any CPU = Release|Any CPU
	EndGlobalSection
	GlobalSection(ProjectConfigurationPlatforms) = postSolution
		{069A491C-7872-4E14-9B22-80AD6F5EFB1A}.Debug|Any CPU.ActiveCfg = Debug|Any CPU
		{069A491C-7872-4E14-9B22-80AD6F5EFB1A}.Debug|Any CPU.Build.0 = Debug|Any CPU
		{069A491C-7872-4E14-9B22-80AD6F5EFB1A}.Release|Any CPU.ActiveCfg = Release|Any CPU
		{069A491C-7872-4E14-9B22-80AD6F5EFB1A}.Release|Any CPU.Build.0 = Release|Any CPU
	EndGlobalSection
	GlobalSection(SolutionProperties) = preSolution
		HideSolutionNode = FALSE
	EndGlobalSection
	GlobalSection(ExtensibilityGlobals) = postSolution
		SolutionGuid = {A0BBF3A2-F724-42C9-BD8A-07B308EC3142}
	EndGlobalSection
EndGlobal
